// !$*UTF8*$!
{
	archiveVersion = 1;
	classes = {
	};
	objectVersion = 56;
	objects = {

/* Begin PBXBuildFile section */
		F765E2CF2ACE17FA000DEF19 /* HAPTIC-XCEL Watch App.app in Embed Watch Content */ = {isa = PBXBuildFile; fileRef = F765E2CE2ACE17FA000DEF19 /* HAPTIC-XCEL Watch App.app */; settings = {ATTRIBUTES = (RemoveHeadersOnCopy, ); }; };
		F765E2D42ACE17FA000DEF19 /* HAPTIC_XCELApp.swift in Sources */ = {isa = PBXBuildFile; fileRef = F765E2D32ACE17FA000DEF19 /* HAPTIC_XCELApp.swift */; };
		F765E2D62ACE17FA000DEF19 /* ContentView.swift in Sources */ = {isa = PBXBuildFile; fileRef = F765E2D52ACE17FA000DEF19 /* ContentView.swift */; };
		F765E2D82ACE17FB000DEF19 /* Assets.xcassets in Resources */ = {isa = PBXBuildFile; fileRef = F765E2D72ACE17FB000DEF19 /* Assets.xcassets */; };
		F765E2DB2ACE17FB000DEF19 /* Preview Assets.xcassets in Resources */ = {isa = PBXBuildFile; fileRef = F765E2DA2ACE17FB000DEF19 /* Preview Assets.xcassets */; };
/* End PBXBuildFile section */

/* Begin PBXContainerItemProxy section */
		F765E2D02ACE17FA000DEF19 /* PBXContainerItemProxy */ = {
			isa = PBXContainerItemProxy;
			containerPortal = F765E2C22ACE17F9000DEF19 /* Project object */;
			proxyType = 1;
			remoteGlobalIDString = F765E2CD2ACE17FA000DEF19;
			remoteInfo = "HAPTIC-XCEL Watch App";
		};
		F765E2E12ACE17FB000DEF19 /* PBXContainerItemProxy */ = {
			isa = PBXContainerItemProxy;
			containerPortal = F765E2C22ACE17F9000DEF19 /* Project object */;
			proxyType = 1;
			remoteGlobalIDString = F765E2CD2ACE17FA000DEF19;
			remoteInfo = "HAPTIC-XCEL Watch App";
		};
		F765E2EB2ACE17FB000DEF19 /* PBXContainerItemProxy */ = {
			isa = PBXContainerItemProxy;
			containerPortal = F765E2C22ACE17F9000DEF19 /* Project object */;
			proxyType = 1;
			remoteGlobalIDString = F765E2CD2ACE17FA000DEF19;
			remoteInfo = "HAPTIC-XCEL Watch App";
		};
/* End PBXContainerItemProxy section */

/* Begin PBXCopyFilesBuildPhase section */
		F765E2F72ACE17FB000DEF19 /* Embed Watch Content */ = {
			isa = PBXCopyFilesBuildPhase;
			buildActionMask = 2147483647;
			dstPath = "$(CONTENTS_FOLDER_PATH)/Watch";
			dstSubfolderSpec = 16;
			files = (
				F765E2CF2ACE17FA000DEF19 /* HAPTIC-XCEL Watch App.app in Embed Watch Content */,
			);
			name = "Embed Watch Content";
			runOnlyForDeploymentPostprocessing = 0;
		};
/* End PBXCopyFilesBuildPhase section */

/* Begin PBXFileReference section */
		F765E2C82ACE17FA000DEF19 /* HAPTIC-XCEL.app */ = {isa = PBXFileReference; explicitFileType = wrapper.application; includeInIndex = 0; path = "HAPTIC-XCEL.app"; sourceTree = BUILT_PRODUCTS_DIR; };
		F765E2CE2ACE17FA000DEF19 /* HAPTIC-XCEL Watch App.app */ = {isa = PBXFileReference; explicitFileType = wrapper.application; includeInIndex = 0; path = "HAPTIC-XCEL Watch App.app"; sourceTree = BUILT_PRODUCTS_DIR; };
		F765E2D32ACE17FA000DEF19 /* HAPTIC_XCELApp.swift */ = {isa = PBXFileReference; lastKnownFileType = sourcecode.swift; path = HAPTIC_XCELApp.swift; sourceTree = "<group>"; };
		F765E2D52ACE17FA000DEF19 /* ContentView.swift */ = {isa = PBXFileReference; lastKnownFileType = sourcecode.swift; path = ContentView.swift; sourceTree = "<group>"; };
		F765E2D72ACE17FB000DEF19 /* Assets.xcassets */ = {isa = PBXFileReference; lastKnownFileType = folder.assetcatalog; path = Assets.xcassets; sourceTree = "<group>"; };
		F765E2DA2ACE17FB000DEF19 /* Preview Assets.xcassets */ = {isa = PBXFileReference; lastKnownFileType = folder.assetcatalog; path = "Preview Assets.xcassets"; sourceTree = "<group>"; };
		F765E2E02ACE17FB000DEF19 /* HAPTIC-XCEL Watch AppTests.xctest */ = {isa = PBXFileReference; explicitFileType = wrapper.cfbundle; includeInIndex = 0; path = "HAPTIC-XCEL Watch AppTests.xctest"; sourceTree = BUILT_PRODUCTS_DIR; };
		F765E2EA2ACE17FB000DEF19 /* HAPTIC-XCEL Watch AppUITests.xctest */ = {isa = PBXFileReference; explicitFileType = wrapper.cfbundle; includeInIndex = 0; path = "HAPTIC-XCEL Watch AppUITests.xctest"; sourceTree = BUILT_PRODUCTS_DIR; };
/* End PBXFileReference section */

/* Begin PBXFrameworksBuildPhase section */
		F765E2CB2ACE17FA000DEF19 /* Frameworks */ = {
			isa = PBXFrameworksBuildPhase;
			buildActionMask = 2147483647;
			files = (
			);
			runOnlyForDeploymentPostprocessing = 0;
		};
		F765E2DD2ACE17FB000DEF19 /* Frameworks */ = {
			isa = PBXFrameworksBuildPhase;
			buildActionMask = 2147483647;
			files = (
			);
			runOnlyForDeploymentPostprocessing = 0;
		};
		F765E2E72ACE17FB000DEF19 /* Frameworks */ = {
			isa = PBXFrameworksBuildPhase;
			buildActionMask = 2147483647;
			files = (
			);
			runOnlyForDeploymentPostprocessing = 0;
		};
/* End PBXFrameworksBuildPhase section */

/* Begin PBXGroup section */
		F765E2C12ACE17F9000DEF19 = {
			isa = PBXGroup;
			children = (
				F765E2D22ACE17FA000DEF19 /* HAPTIC-XCEL Watch App */,
				F765E2C92ACE17FA000DEF19 /* Products */,
			);
			sourceTree = "<group>";
		};
		F765E2C92ACE17FA000DEF19 /* Products */ = {
			isa = PBXGroup;
			children = (
				F765E2C82ACE17FA000DEF19 /* HAPTIC-XCEL.app */,
				F765E2CE2ACE17FA000DEF19 /* HAPTIC-XCEL Watch App.app */,
				F765E2E02ACE17FB000DEF19 /* HAPTIC-XCEL Watch AppTests.xctest */,
				F765E2EA2ACE17FB000DEF19 /* HAPTIC-XCEL Watch AppUITests.xctest */,
			);
			name = Products;
			sourceTree = "<group>";
		};
		F765E2D22ACE17FA000DEF19 /* HAPTIC-XCEL Watch App */ = {
			isa = PBXGroup;
			children = (
				F765E2D32ACE17FA000DEF19 /* HAPTIC_XCELApp.swift */,
				F765E2D52ACE17FA000DEF19 /* ContentView.swift */,
				F765E2D72ACE17FB000DEF19 /* Assets.xcassets */,
				F765E2D92ACE17FB000DEF19 /* Preview Content */,
			);
			path = "HAPTIC-XCEL Watch App";
			sourceTree = "<group>";
		};
		F765E2D92ACE17FB000DEF19 /* Preview Content */ = {
			isa = PBXGroup;
			children = (
				F765E2DA2ACE17FB000DEF19 /* Preview Assets.xcassets */,
			);
			path = "Preview Content";
			sourceTree = "<group>";
		};
/* End PBXGroup section */

/* Begin PBXNativeTarget section */
		F765E2C72ACE17FA000DEF19 /* HAPTIC-XCEL */ = {
			isa = PBXNativeTarget;
			buildConfigurationList = F765E2F82ACE17FB000DEF19 /* Build configuration list for PBXNativeTarget "HAPTIC-XCEL" */;
			buildPhases = (
				F765E2C62ACE17FA000DEF19 /* Resources */,
				F765E2F72ACE17FB000DEF19 /* Embed Watch Content */,
				F765E3012ACE2FFC000DEF19 /* Linter */,
			);
			buildRules = (
			);
			dependencies = (
				F765E2D12ACE17FA000DEF19 /* PBXTargetDependency */,
			);
			name = "HAPTIC-XCEL";
			productName = "HAPTIC-XCEL";
			productReference = F765E2C82ACE17FA000DEF19 /* HAPTIC-XCEL.app */;
			productType = "com.apple.product-type.application.watchapp2-container";
		};
		F765E2CD2ACE17FA000DEF19 /* HAPTIC-XCEL Watch App */ = {
			isa = PBXNativeTarget;
			buildConfigurationList = F765E2F42ACE17FB000DEF19 /* Build configuration list for PBXNativeTarget "HAPTIC-XCEL Watch App" */;
			buildPhases = (
				F765E2CA2ACE17FA000DEF19 /* Sources */,
				F765E2CB2ACE17FA000DEF19 /* Frameworks */,
				F765E2CC2ACE17FA000DEF19 /* Resources */,
			);
			buildRules = (
			);
			dependencies = (
			);
			name = "HAPTIC-XCEL Watch App";
			productName = "HAPTIC-XCEL Watch App";
			productReference = F765E2CE2ACE17FA000DEF19 /* HAPTIC-XCEL Watch App.app */;
			productType = "com.apple.product-type.application";
		};
		F765E2DF2ACE17FB000DEF19 /* HAPTIC-XCEL Watch AppTests */ = {
			isa = PBXNativeTarget;
			buildConfigurationList = F765E2FB2ACE17FB000DEF19 /* Build configuration list for PBXNativeTarget "HAPTIC-XCEL Watch AppTests" */;
			buildPhases = (
				F765E2DC2ACE17FB000DEF19 /* Sources */,
				F765E2DD2ACE17FB000DEF19 /* Frameworks */,
				F765E2DE2ACE17FB000DEF19 /* Resources */,
			);
			buildRules = (
			);
			dependencies = (
				F765E2E22ACE17FB000DEF19 /* PBXTargetDependency */,
			);
			name = "HAPTIC-XCEL Watch AppTests";
			productName = "HAPTIC-XCEL Watch AppTests";
			productReference = F765E2E02ACE17FB000DEF19 /* HAPTIC-XCEL Watch AppTests.xctest */;
			productType = "com.apple.product-type.bundle.unit-test";
		};
		F765E2E92ACE17FB000DEF19 /* HAPTIC-XCEL Watch AppUITests */ = {
			isa = PBXNativeTarget;
			buildConfigurationList = F765E2FE2ACE17FB000DEF19 /* Build configuration list for PBXNativeTarget "HAPTIC-XCEL Watch AppUITests" */;
			buildPhases = (
				F765E2E62ACE17FB000DEF19 /* Sources */,
				F765E2E72ACE17FB000DEF19 /* Frameworks */,
				F765E2E82ACE17FB000DEF19 /* Resources */,
			);
			buildRules = (
			);
			dependencies = (
				F765E2EC2ACE17FB000DEF19 /* PBXTargetDependency */,
			);
			name = "HAPTIC-XCEL Watch AppUITests";
			productName = "HAPTIC-XCEL Watch AppUITests";
			productReference = F765E2EA2ACE17FB000DEF19 /* HAPTIC-XCEL Watch AppUITests.xctest */;
			productType = "com.apple.product-type.bundle.ui-testing";
		};
/* End PBXNativeTarget section */

/* Begin PBXProject section */
		F765E2C22ACE17F9000DEF19 /* Project object */ = {
			isa = PBXProject;
			attributes = {
				BuildIndependentTargetsInParallel = 1;
				LastSwiftUpdateCheck = 1430;
				LastUpgradeCheck = 1430;
				TargetAttributes = {
					F765E2C72ACE17FA000DEF19 = {
						CreatedOnToolsVersion = 14.3.1;
					};
					F765E2CD2ACE17FA000DEF19 = {
						CreatedOnToolsVersion = 14.3.1;
					};
					F765E2DF2ACE17FB000DEF19 = {
						CreatedOnToolsVersion = 14.3.1;
						TestTargetID = F765E2CD2ACE17FA000DEF19;
					};
					F765E2E92ACE17FB000DEF19 = {
						CreatedOnToolsVersion = 14.3.1;
						TestTargetID = F765E2CD2ACE17FA000DEF19;
					};
				};
			};
			buildConfigurationList = F765E2C52ACE17F9000DEF19 /* Build configuration list for PBXProject "HAPTIC-XCEL" */;
			compatibilityVersion = "Xcode 14.0";
			developmentRegion = en;
			hasScannedForEncodings = 0;
			knownRegions = (
				en,
				Base,
			);
			mainGroup = F765E2C12ACE17F9000DEF19;
			productRefGroup = F765E2C92ACE17FA000DEF19 /* Products */;
			projectDirPath = "";
			projectRoot = "";
			targets = (
				F765E2C72ACE17FA000DEF19 /* HAPTIC-XCEL */,
				F765E2CD2ACE17FA000DEF19 /* HAPTIC-XCEL Watch App */,
				F765E2DF2ACE17FB000DEF19 /* HAPTIC-XCEL Watch AppTests */,
				F765E2E92ACE17FB000DEF19 /* HAPTIC-XCEL Watch AppUITests */,
			);
		};
/* End PBXProject section */

/* Begin PBXResourcesBuildPhase section */
		F765E2C62ACE17FA000DEF19 /* Resources */ = {
			isa = PBXResourcesBuildPhase;
			buildActionMask = 2147483647;
			files = (
			);
			runOnlyForDeploymentPostprocessing = 0;
		};
		F765E2CC2ACE17FA000DEF19 /* Resources */ = {
			isa = PBXResourcesBuildPhase;
			buildActionMask = 2147483647;
			files = (
				F765E2DB2ACE17FB000DEF19 /* Preview Assets.xcassets in Resources */,
				F765E2D82ACE17FB000DEF19 /* Assets.xcassets in Resources */,
			);
			runOnlyForDeploymentPostprocessing = 0;
		};
		F765E2DE2ACE17FB000DEF19 /* Resources */ = {
			isa = PBXResourcesBuildPhase;
			buildActionMask = 2147483647;
			files = (
			);
			runOnlyForDeploymentPostprocessing = 0;
		};
		F765E2E82ACE17FB000DEF19 /* Resources */ = {
			isa = PBXResourcesBuildPhase;
			buildActionMask = 2147483647;
			files = (
			);
			runOnlyForDeploymentPostprocessing = 0;
		};
/* End PBXResourcesBuildPhase section */

/* Begin PBXShellScriptBuildPhase section */
		F765E3012ACE2FFC000DEF19 /* Linter */ = {
			isa = PBXShellScriptBuildPhase;
			buildActionMask = 2147483647;
			files = (
			);
			inputFileListPaths = (
			);
			inputPaths = (
			);
			name = Linter;
			outputFileListPaths = (
			);
			outputPaths = (
			);
			runOnlyForDeploymentPostprocessing = 0;
			shellPath = /bin/sh;
			shellScript = "# Type a script or drag a script file from your workspace to insert its path.\nif which swiftlint >/dev/null; then\n  swiftlint\nelse\n  echo \"warning: SwiftLint not installed, download from https://github.com/realm/SwiftLint\"\nfi\n";
		};
/* End PBXShellScriptBuildPhase section */

/* Begin PBXSourcesBuildPhase section */
		F765E2CA2ACE17FA000DEF19 /* Sources */ = {
			isa = PBXSourcesBuildPhase;
			buildActionMask = 2147483647;
			files = (
				F765E2D62ACE17FA000DEF19 /* ContentView.swift in Sources */,
				F765E2D42ACE17FA000DEF19 /* HAPTIC_XCELApp.swift in Sources */,
			);
			runOnlyForDeploymentPostprocessing = 0;
		};
		F765E2DC2ACE17FB000DEF19 /* Sources */ = {
			isa = PBXSourcesBuildPhase;
			buildActionMask = 2147483647;
			files = (
			);
			runOnlyForDeploymentPostprocessing = 0;
		};
		F765E2E62ACE17FB000DEF19 /* Sources */ = {
			isa = PBXSourcesBuildPhase;
			buildActionMask = 2147483647;
			files = (
			);
			runOnlyForDeploymentPostprocessing = 0;
		};
/* End PBXSourcesBuildPhase section */

/* Begin PBXTargetDependency section */
		F765E2D12ACE17FA000DEF19 /* PBXTargetDependency */ = {
			isa = PBXTargetDependency;
			target = F765E2CD2ACE17FA000DEF19 /* HAPTIC-XCEL Watch App */;
			targetProxy = F765E2D02ACE17FA000DEF19 /* PBXContainerItemProxy */;
		};
		F765E2E22ACE17FB000DEF19 /* PBXTargetDependency */ = {
			isa = PBXTargetDependency;
			target = F765E2CD2ACE17FA000DEF19 /* HAPTIC-XCEL Watch App */;
			targetProxy = F765E2E12ACE17FB000DEF19 /* PBXContainerItemProxy */;
		};
		F765E2EC2ACE17FB000DEF19 /* PBXTargetDependency */ = {
			isa = PBXTargetDependency;
			target = F765E2CD2ACE17FA000DEF19 /* HAPTIC-XCEL Watch App */;
			targetProxy = F765E2EB2ACE17FB000DEF19 /* PBXContainerItemProxy */;
		};
/* End PBXTargetDependency section */

/* Begin XCBuildConfiguration section */
		F765E2F22ACE17FB000DEF19 /* Debug */ = {
			isa = XCBuildConfiguration;
			buildSettings = {
				ALWAYS_SEARCH_USER_PATHS = NO;
				CLANG_ANALYZER_NONNULL = YES;
				CLANG_ANALYZER_NUMBER_OBJECT_CONVERSION = YES_AGGRESSIVE;
				CLANG_CXX_LANGUAGE_STANDARD = "gnu++20";
				CLANG_ENABLE_MODULES = YES;
				CLANG_ENABLE_OBJC_ARC = YES;
				CLANG_ENABLE_OBJC_WEAK = YES;
				CLANG_WARN_BLOCK_CAPTURE_AUTORELEASING = YES;
				CLANG_WARN_BOOL_CONVERSION = YES;
				CLANG_WARN_COMMA = YES;
				CLANG_WARN_CONSTANT_CONVERSION = YES;
				CLANG_WARN_DEPRECATED_OBJC_IMPLEMENTATIONS = YES;
				CLANG_WARN_DIRECT_OBJC_ISA_USAGE = YES_ERROR;
				CLANG_WARN_DOCUMENTATION_COMMENTS = YES;
				CLANG_WARN_EMPTY_BODY = YES;
				CLANG_WARN_ENUM_CONVERSION = YES;
				CLANG_WARN_INFINITE_RECURSION = YES;
				CLANG_WARN_INT_CONVERSION = YES;
				CLANG_WARN_NON_LITERAL_NULL_CONVERSION = YES;
				CLANG_WARN_OBJC_IMPLICIT_RETAIN_SELF = YES;
				CLANG_WARN_OBJC_LITERAL_CONVERSION = YES;
				CLANG_WARN_OBJC_ROOT_CLASS = YES_ERROR;
				CLANG_WARN_QUOTED_INCLUDE_IN_FRAMEWORK_HEADER = YES;
				CLANG_WARN_RANGE_LOOP_ANALYSIS = YES;
				CLANG_WARN_STRICT_PROTOTYPES = YES;
				CLANG_WARN_SUSPICIOUS_MOVE = YES;
				CLANG_WARN_UNGUARDED_AVAILABILITY = YES_AGGRESSIVE;
				CLANG_WARN_UNREACHABLE_CODE = YES;
				CLANG_WARN__DUPLICATE_METHOD_MATCH = YES;
				COPY_PHASE_STRIP = NO;
				DEBUG_INFORMATION_FORMAT = dwarf;
				ENABLE_STRICT_OBJC_MSGSEND = YES;
				ENABLE_TESTABILITY = YES;
				GCC_C_LANGUAGE_STANDARD = gnu11;
				GCC_DYNAMIC_NO_PIC = NO;
				GCC_NO_COMMON_BLOCKS = YES;
				GCC_OPTIMIZATION_LEVEL = 0;
				GCC_PREPROCESSOR_DEFINITIONS = (
					"DEBUG=1",
					"$(inherited)",
				);
				GCC_WARN_64_TO_32_BIT_CONVERSION = YES;
				GCC_WARN_ABOUT_RETURN_TYPE = YES_ERROR;
				GCC_WARN_UNDECLARED_SELECTOR = YES;
				GCC_WARN_UNINITIALIZED_AUTOS = YES_AGGRESSIVE;
				GCC_WARN_UNUSED_FUNCTION = YES;
				GCC_WARN_UNUSED_VARIABLE = YES;
				MTL_ENABLE_DEBUG_INFO = INCLUDE_SOURCE;
				MTL_FAST_MATH = YES;
				ONLY_ACTIVE_ARCH = YES;
				SWIFT_ACTIVE_COMPILATION_CONDITIONS = DEBUG;
				SWIFT_OPTIMIZATION_LEVEL = "-Onone";
			};
			name = Debug;
		};
		F765E2F32ACE17FB000DEF19 /* Release */ = {
			isa = XCBuildConfiguration;
			buildSettings = {
				ALWAYS_SEARCH_USER_PATHS = NO;
				CLANG_ANALYZER_NONNULL = YES;
				CLANG_ANALYZER_NUMBER_OBJECT_CONVERSION = YES_AGGRESSIVE;
				CLANG_CXX_LANGUAGE_STANDARD = "gnu++20";
				CLANG_ENABLE_MODULES = YES;
				CLANG_ENABLE_OBJC_ARC = YES;
				CLANG_ENABLE_OBJC_WEAK = YES;
				CLANG_WARN_BLOCK_CAPTURE_AUTORELEASING = YES;
				CLANG_WARN_BOOL_CONVERSION = YES;
				CLANG_WARN_COMMA = YES;
				CLANG_WARN_CONSTANT_CONVERSION = YES;
				CLANG_WARN_DEPRECATED_OBJC_IMPLEMENTATIONS = YES;
				CLANG_WARN_DIRECT_OBJC_ISA_USAGE = YES_ERROR;
				CLANG_WARN_DOCUMENTATION_COMMENTS = YES;
				CLANG_WARN_EMPTY_BODY = YES;
				CLANG_WARN_ENUM_CONVERSION = YES;
				CLANG_WARN_INFINITE_RECURSION = YES;
				CLANG_WARN_INT_CONVERSION = YES;
				CLANG_WARN_NON_LITERAL_NULL_CONVERSION = YES;
				CLANG_WARN_OBJC_IMPLICIT_RETAIN_SELF = YES;
				CLANG_WARN_OBJC_LITERAL_CONVERSION = YES;
				CLANG_WARN_OBJC_ROOT_CLASS = YES_ERROR;
				CLANG_WARN_QUOTED_INCLUDE_IN_FRAMEWORK_HEADER = YES;
				CLANG_WARN_RANGE_LOOP_ANALYSIS = YES;
				CLANG_WARN_STRICT_PROTOTYPES = YES;
				CLANG_WARN_SUSPICIOUS_MOVE = YES;
				CLANG_WARN_UNGUARDED_AVAILABILITY = YES_AGGRESSIVE;
				CLANG_WARN_UNREACHABLE_CODE = YES;
				CLANG_WARN__DUPLICATE_METHOD_MATCH = YES;
				COPY_PHASE_STRIP = NO;
				DEBUG_INFORMATION_FORMAT = "dwarf-with-dsym";
				ENABLE_NS_ASSERTIONS = NO;
				ENABLE_STRICT_OBJC_MSGSEND = YES;
				GCC_C_LANGUAGE_STANDARD = gnu11;
				GCC_NO_COMMON_BLOCKS = YES;
				GCC_WARN_64_TO_32_BIT_CONVERSION = YES;
				GCC_WARN_ABOUT_RETURN_TYPE = YES_ERROR;
				GCC_WARN_UNDECLARED_SELECTOR = YES;
				GCC_WARN_UNINITIALIZED_AUTOS = YES_AGGRESSIVE;
				GCC_WARN_UNUSED_FUNCTION = YES;
				GCC_WARN_UNUSED_VARIABLE = YES;
				MTL_ENABLE_DEBUG_INFO = NO;
				MTL_FAST_MATH = YES;
				SWIFT_COMPILATION_MODE = wholemodule;
				SWIFT_OPTIMIZATION_LEVEL = "-O";
			};
			name = Release;
		};
		F765E2F52ACE17FB000DEF19 /* Debug */ = {
			isa = XCBuildConfiguration;
			buildSettings = {
				ASSETCATALOG_COMPILER_APPICON_NAME = AppIcon;
				ASSETCATALOG_COMPILER_GLOBAL_ACCENT_COLOR_NAME = AccentColor;
				CODE_SIGN_STYLE = Automatic;
				CURRENT_PROJECT_VERSION = 1;
				DEVELOPMENT_ASSET_PATHS = "\"HAPTIC-XCEL Watch App/Preview Content\"";
				ENABLE_PREVIEWS = YES;
				GENERATE_INFOPLIST_FILE = YES;
				INFOPLIST_KEY_CFBundleDisplayName = "HAPTIC-XCEL";
				INFOPLIST_KEY_UISupportedInterfaceOrientations = "UIInterfaceOrientationPortrait UIInterfaceOrientationPortraitUpsideDown";
				INFOPLIST_KEY_WKWatchOnly = YES;
				LD_RUNPATH_SEARCH_PATHS = (
					"$(inherited)",
					"@executable_path/Frameworks",
				);
				MARKETING_VERSION = 1.0;
				PRODUCT_BUNDLE_IDENTIFIER = "hci.HAPTIC-XCEL.watchkitapp";
				PRODUCT_NAME = "$(TARGET_NAME)";
				SDKROOT = watchos;
				SKIP_INSTALL = YES;
				SWIFT_EMIT_LOC_STRINGS = YES;
				SWIFT_VERSION = 5.0;
				TARGETED_DEVICE_FAMILY = 4;
				WATCHOS_DEPLOYMENT_TARGET = 9.4;
			};
			name = Debug;
		};
		F765E2F62ACE17FB000DEF19 /* Release */ = {
			isa = XCBuildConfiguration;
			buildSettings = {
				ASSETCATALOG_COMPILER_APPICON_NAME = AppIcon;
				ASSETCATALOG_COMPILER_GLOBAL_ACCENT_COLOR_NAME = AccentColor;
				CODE_SIGN_STYLE = Automatic;
				CURRENT_PROJECT_VERSION = 1;
				DEVELOPMENT_ASSET_PATHS = "\"HAPTIC-XCEL Watch App/Preview Content\"";
				ENABLE_PREVIEWS = YES;
				GENERATE_INFOPLIST_FILE = YES;
				INFOPLIST_KEY_CFBundleDisplayName = "HAPTIC-XCEL";
				INFOPLIST_KEY_UISupportedInterfaceOrientations = "UIInterfaceOrientationPortrait UIInterfaceOrientationPortraitUpsideDown";
				INFOPLIST_KEY_WKWatchOnly = YES;
				LD_RUNPATH_SEARCH_PATHS = (
					"$(inherited)",
					"@executable_path/Frameworks",
				);
				MARKETING_VERSION = 1.0;
				PRODUCT_BUNDLE_IDENTIFIER = "hci.HAPTIC-XCEL.watchkitapp";
				PRODUCT_NAME = "$(TARGET_NAME)";
				SDKROOT = watchos;
				SKIP_INSTALL = YES;
				SWIFT_EMIT_LOC_STRINGS = YES;
				SWIFT_VERSION = 5.0;
				TARGETED_DEVICE_FAMILY = 4;
				VALIDATE_PRODUCT = YES;
				WATCHOS_DEPLOYMENT_TARGET = 9.4;
			};
			name = Release;
		};
		F765E2F92ACE17FB000DEF19 /* Debug */ = {
			isa = XCBuildConfiguration;
			buildSettings = {
				ALWAYS_EMBED_SWIFT_STANDARD_LIBRARIES = YES;
				CODE_SIGN_STYLE = Automatic;
				CURRENT_PROJECT_VERSION = 1;
				INFOPLIST_KEY_CFBundleDisplayName = "HAPTIC-XCEL";
				MARKETING_VERSION = 1.0;
				PRODUCT_BUNDLE_IDENTIFIER = "hci.HAPTIC-XCEL";
				PRODUCT_NAME = "$(TARGET_NAME)";
				SDKROOT = iphoneos;
				SWIFT_VERSION = 5.0;
			};
			name = Debug;
		};
		F765E2FA2ACE17FB000DEF19 /* Release */ = {
			isa = XCBuildConfiguration;
			buildSettings = {
				ALWAYS_EMBED_SWIFT_STANDARD_LIBRARIES = YES;
				CODE_SIGN_STYLE = Automatic;
				CURRENT_PROJECT_VERSION = 1;
				INFOPLIST_KEY_CFBundleDisplayName = "HAPTIC-XCEL";
				MARKETING_VERSION = 1.0;
				PRODUCT_BUNDLE_IDENTIFIER = "hci.HAPTIC-XCEL";
				PRODUCT_NAME = "$(TARGET_NAME)";
				SDKROOT = iphoneos;
				SWIFT_VERSION = 5.0;
				VALIDATE_PRODUCT = YES;
			};
			name = Release;
		};
		F765E2FC2ACE17FB000DEF19 /* Debug */ = {
			isa = XCBuildConfiguration;
			buildSettings = {
				ALWAYS_EMBED_SWIFT_STANDARD_LIBRARIES = YES;
				BUNDLE_LOADER = "$(TEST_HOST)";
				CODE_SIGN_STYLE = Automatic;
				CURRENT_PROJECT_VERSION = 1;
				GENERATE_INFOPLIST_FILE = YES;
				MARKETING_VERSION = 1.0;
				PRODUCT_BUNDLE_IDENTIFIER = "hci.HAPTIC-XCEL-Watch-AppTests";
				PRODUCT_NAME = "$(TARGET_NAME)";
				SDKROOT = watchos;
				SWIFT_EMIT_LOC_STRINGS = NO;
				SWIFT_VERSION = 5.0;
				TARGETED_DEVICE_FAMILY = 4;
				TEST_HOST = "$(BUILT_PRODUCTS_DIR)/HAPTIC-XCEL Watch App.app/$(BUNDLE_EXECUTABLE_FOLDER_PATH)/HAPTIC-XCEL Watch App";
				WATCHOS_DEPLOYMENT_TARGET = 9.4;
			};
			name = Debug;
		};
		F765E2FD2ACE17FB000DEF19 /* Release */ = {
			isa = XCBuildConfiguration;
			buildSettings = {
				ALWAYS_EMBED_SWIFT_STANDARD_LIBRARIES = YES;
				BUNDLE_LOADER = "$(TEST_HOST)";
				CODE_SIGN_STYLE = Automatic;
				CURRENT_PROJECT_VERSION = 1;
				GENERATE_INFOPLIST_FILE = YES;
				MARKETING_VERSION = 1.0;
				PRODUCT_BUNDLE_IDENTIFIER = "hci.HAPTIC-XCEL-Watch-AppTests";
				PRODUCT_NAME = "$(TARGET_NAME)";
				SDKROOT = watchos;
				SWIFT_EMIT_LOC_STRINGS = NO;
				SWIFT_VERSION = 5.0;
				TARGETED_DEVICE_FAMILY = 4;
				TEST_HOST = "$(BUILT_PRODUCTS_DIR)/HAPTIC-XCEL Watch App.app/$(BUNDLE_EXECUTABLE_FOLDER_PATH)/HAPTIC-XCEL Watch App";
				VALIDATE_PRODUCT = YES;
				WATCHOS_DEPLOYMENT_TARGET = 9.4;
			};
			name = Release;
		};
		F765E2FF2ACE17FB000DEF19 /* Debug */ = {
			isa = XCBuildConfiguration;
			buildSettings = {
				ALWAYS_EMBED_SWIFT_STANDARD_LIBRARIES = YES;
				CODE_SIGN_STYLE = Automatic;
				CURRENT_PROJECT_VERSION = 1;
				GENERATE_INFOPLIST_FILE = YES;
				MARKETING_VERSION = 1.0;
				PRODUCT_BUNDLE_IDENTIFIER = "hci.HAPTIC-XCEL-Watch-AppUITests";
				PRODUCT_NAME = "$(TARGET_NAME)";
				SDKROOT = watchos;
				SWIFT_EMIT_LOC_STRINGS = NO;
				SWIFT_VERSION = 5.0;
				TARGETED_DEVICE_FAMILY = 4;
				TEST_TARGET_NAME = "HAPTIC-XCEL Watch App";
				WATCHOS_DEPLOYMENT_TARGET = 9.4;
			};
			name = Debug;
		};
		F765E3002ACE17FB000DEF19 /* Release */ = {
			isa = XCBuildConfiguration;
			buildSettings = {
				ALWAYS_EMBED_SWIFT_STANDARD_LIBRARIES = YES;
				CODE_SIGN_STYLE = Automatic;
				CURRENT_PROJECT_VERSION = 1;
				GENERATE_INFOPLIST_FILE = YES;
				MARKETING_VERSION = 1.0;
				PRODUCT_BUNDLE_IDENTIFIER = "hci.HAPTIC-XCEL-Watch-AppUITests";
				PRODUCT_NAME = "$(TARGET_NAME)";
				SDKROOT = watchos;
				SWIFT_EMIT_LOC_STRINGS = NO;
				SWIFT_VERSION = 5.0;
				TARGETED_DEVICE_FAMILY = 4;
				TEST_TARGET_NAME = "HAPTIC-XCEL Watch App";
				VALIDATE_PRODUCT = YES;
				WATCHOS_DEPLOYMENT_TARGET = 9.4;
			};
			name = Release;
		};
/* End XCBuildConfiguration section */

/* Begin XCConfigurationList section */
		F765E2C52ACE17F9000DEF19 /* Build configuration list for PBXProject "HAPTIC-XCEL" */ = {
			isa = XCConfigurationList;
			buildConfigurations = (
				F765E2F22ACE17FB000DEF19 /* Debug */,
				F765E2F32ACE17FB000DEF19 /* Release */,
			);
			defaultConfigurationIsVisible = 0;
			defaultConfigurationName = Release;
		};
		F765E2F42ACE17FB000DEF19 /* Build configuration list for PBXNativeTarget "HAPTIC-XCEL Watch App" */ = {
			isa = XCConfigurationList;
			buildConfigurations = (
				F765E2F52ACE17FB000DEF19 /* Debug */,
				F765E2F62ACE17FB000DEF19 /* Release */,
			);
			defaultConfigurationIsVisible = 0;
			defaultConfigurationName = Release;
		};
		F765E2F82ACE17FB000DEF19 /* Build configuration list for PBXNativeTarget "HAPTIC-XCEL" */ = {
			isa = XCConfigurationList;
			buildConfigurations = (
				F765E2F92ACE17FB000DEF19 /* Debug */,
				F765E2FA2ACE17FB000DEF19 /* Release */,
			);
			defaultConfigurationIsVisible = 0;
			defaultConfigurationName = Release;
		};
		F765E2FB2ACE17FB000DEF19 /* Build configuration list for PBXNativeTarget "HAPTIC-XCEL Watch AppTests" */ = {
			isa = XCConfigurationList;
			buildConfigurations = (
				F765E2FC2ACE17FB000DEF19 /* Debug */,
				F765E2FD2ACE17FB000DEF19 /* Release */,
			);
			defaultConfigurationIsVisible = 0;
			defaultConfigurationName = Release;
		};
		F765E2FE2ACE17FB000DEF19 /* Build configuration list for PBXNativeTarget "HAPTIC-XCEL Watch AppUITests" */ = {
			isa = XCConfigurationList;
			buildConfigurations = (
				F765E2FF2ACE17FB000DEF19 /* Debug */,
				F765E3002ACE17FB000DEF19 /* Release */,
			);
			defaultConfigurationIsVisible = 0;
			defaultConfigurationName = Release;
		};
/* End XCConfigurationList section */
	};
	rootObject = F765E2C22ACE17F9000DEF19 /* Project object */;
}
